// !$*UTF8*$!
{
	archiveVersion = 1;
	classes = {
	};
	objectVersion = 55;
	objects = {

/* Begin PBXBuildFile section */
		5E1DCA03D3D10E253FF6743D /* Pods_AddPost.framework in Frameworks */ = {isa = PBXBuildFile; fileRef = 9B2ABC0E982BA4AA358F72E4 /* Pods_AddPost.framework */; };
		E405D0F1278471F800AB423A /* PostCell.swift in Sources */ = {isa = PBXBuildFile; fileRef = E405D0EF278471F800AB423A /* PostCell.swift */; };
		E405D0F2278471F800AB423A /* PostCell.xib in Resources */ = {isa = PBXBuildFile; fileRef = E405D0F0278471F800AB423A /* PostCell.xib */; };
		E405D0F52784762B00AB423A /* PostModel.swift in Sources */ = {isa = PBXBuildFile; fileRef = E405D0F42784762B00AB423A /* PostModel.swift */; };
		E46FEF2B2792ADC900A1F7D6 /* PostController.swift in Sources */ = {isa = PBXBuildFile; fileRef = E46FEF2A2792ADC900A1F7D6 /* PostController.swift */; };
		E46FEF2D2792B14700A1F7D6 /* PostDataSource.swift in Sources */ = {isa = PBXBuildFile; fileRef = E46FEF2C2792B14700A1F7D6 /* PostDataSource.swift */; };
		E46FEF2F2792B3C000A1F7D6 /* PostDataProvider.swift in Sources */ = {isa = PBXBuildFile; fileRef = E46FEF2E2792B3C000A1F7D6 /* PostDataProvider.swift */; };
		E46FEF332792BBFE00A1F7D6 /* FireStoreServiceImplementation.swift in Sources */ = {isa = PBXBuildFile; fileRef = E46FEF322792BBFE00A1F7D6 /* FireStoreServiceImplementation.swift */; };
		E46FEF352792C6DE00A1F7D6 /* PostInteractor.swift in Sources */ = {isa = PBXBuildFile; fileRef = E46FEF342792C6DE00A1F7D6 /* PostInteractor.swift */; };
		E46FEF392792D9DD00A1F7D6 /* StorageServiceImplementation.swift in Sources */ = {isa = PBXBuildFile; fileRef = E46FEF382792D9DD00A1F7D6 /* StorageServiceImplementation.swift */; };
		E46FEF3B2792E06700A1F7D6 /* AddPostController.swift in Sources */ = {isa = PBXBuildFile; fileRef = E46FEF3A2792E06700A1F7D6 /* AddPostController.swift */; };
		E46FEF3D2793FF8100A1F7D6 /* AddPostInteractor.swift in Sources */ = {isa = PBXBuildFile; fileRef = E46FEF3C2793FF8100A1F7D6 /* AddPostInteractor.swift */; };
		E49AB833278C241700B78BD8 /* Extensions.swift in Sources */ = {isa = PBXBuildFile; fileRef = E49AB832278C241700B78BD8 /* Extensions.swift */; };
		E4C48ED52784626A00CB63E2 /* AppDelegate.swift in Sources */ = {isa = PBXBuildFile; fileRef = E4C48ED42784626A00CB63E2 /* AppDelegate.swift */; };
		E4C48ED72784626A00CB63E2 /* SceneDelegate.swift in Sources */ = {isa = PBXBuildFile; fileRef = E4C48ED62784626A00CB63E2 /* SceneDelegate.swift */; };
		E4C48EDE2784626A00CB63E2 /* Assets.xcassets in Resources */ = {isa = PBXBuildFile; fileRef = E4C48EDD2784626A00CB63E2 /* Assets.xcassets */; };
		E4C48EE12784626A00CB63E2 /* LaunchScreen.storyboard in Resources */ = {isa = PBXBuildFile; fileRef = E4C48EDF2784626A00CB63E2 /* LaunchScreen.storyboard */; };
		E4C48EEE278462EA00CB63E2 /* PostViewController.swift in Sources */ = {isa = PBXBuildFile; fileRef = E4C48EEC278462EA00CB63E2 /* PostViewController.swift */; };
		E4C48EEF278462EA00CB63E2 /* PostViewController.xib in Resources */ = {isa = PBXBuildFile; fileRef = E4C48EED278462EA00CB63E2 /* PostViewController.xib */; };
		E4C48EF2278462FA00CB63E2 /* AddPostViewController.swift in Sources */ = {isa = PBXBuildFile; fileRef = E4C48EF0278462FA00CB63E2 /* AddPostViewController.swift */; };
		E4C48EF3278462FA00CB63E2 /* AddPostViewController.xib in Resources */ = {isa = PBXBuildFile; fileRef = E4C48EF1278462FA00CB63E2 /* AddPostViewController.xib */; };
		E4C48EF52784689C00CB63E2 /* GoogleService-Info.plist in Resources */ = {isa = PBXBuildFile; fileRef = E4C48EF42784689C00CB63E2 /* GoogleService-Info.plist */; };
		E4E61CC82785F03300C92260 /* FireStoreService.swift in Sources */ = {isa = PBXBuildFile; fileRef = E4E61CC72785F03300C92260 /* FireStoreService.swift */; };
		E4E61CCA2785F04D00C92260 /* FireStorageService.swift in Sources */ = {isa = PBXBuildFile; fileRef = E4E61CC92785F04D00C92260 /* FireStorageService.swift */; };
/* End PBXBuildFile section */

/* Begin PBXFileReference section */
		2BE8C6F1A24E2E8AC459C5C6 /* Pods-AddPost.release.xcconfig */ = {isa = PBXFileReference; includeInIndex = 1; lastKnownFileType = text.xcconfig; name = "Pods-AddPost.release.xcconfig"; path = "Target Support Files/Pods-AddPost/Pods-AddPost.release.xcconfig"; sourceTree = "<group>"; };
		4B578686CAEF12E7A0EF3A8C /* Pods-AddPost.debug.xcconfig */ = {isa = PBXFileReference; includeInIndex = 1; lastKnownFileType = text.xcconfig; name = "Pods-AddPost.debug.xcconfig"; path = "Target Support Files/Pods-AddPost/Pods-AddPost.debug.xcconfig"; sourceTree = "<group>"; };
		9B2ABC0E982BA4AA358F72E4 /* Pods_AddPost.framework */ = {isa = PBXFileReference; explicitFileType = wrapper.framework; includeInIndex = 0; path = Pods_AddPost.framework; sourceTree = BUILT_PRODUCTS_DIR; };
		E405D0EF278471F800AB423A /* PostCell.swift */ = {isa = PBXFileReference; lastKnownFileType = sourcecode.swift; path = PostCell.swift; sourceTree = "<group>"; };
		E405D0F0278471F800AB423A /* PostCell.xib */ = {isa = PBXFileReference; lastKnownFileType = file.xib; path = PostCell.xib; sourceTree = "<group>"; };
		E405D0F42784762B00AB423A /* PostModel.swift */ = {isa = PBXFileReference; lastKnownFileType = sourcecode.swift; path = PostModel.swift; sourceTree = "<group>"; };
		E46FEF2A2792ADC900A1F7D6 /* PostController.swift */ = {isa = PBXFileReference; lastKnownFileType = sourcecode.swift; path = PostController.swift; sourceTree = "<group>"; };
		E46FEF2C2792B14700A1F7D6 /* PostDataSource.swift */ = {isa = PBXFileReference; lastKnownFileType = sourcecode.swift; path = PostDataSource.swift; sourceTree = "<group>"; };
		E46FEF2E2792B3C000A1F7D6 /* PostDataProvider.swift */ = {isa = PBXFileReference; lastKnownFileType = sourcecode.swift; path = PostDataProvider.swift; sourceTree = "<group>"; };
		E46FEF322792BBFE00A1F7D6 /* FireStoreServiceImplementation.swift */ = {isa = PBXFileReference; lastKnownFileType = sourcecode.swift; path = FireStoreServiceImplementation.swift; sourceTree = "<group>"; };
		E46FEF342792C6DE00A1F7D6 /* PostInteractor.swift */ = {isa = PBXFileReference; lastKnownFileType = sourcecode.swift; path = PostInteractor.swift; sourceTree = "<group>"; };
		E46FEF382792D9DD00A1F7D6 /* StorageServiceImplementation.swift */ = {isa = PBXFileReference; lastKnownFileType = sourcecode.swift; path = StorageServiceImplementation.swift; sourceTree = "<group>"; };
		E46FEF3A2792E06700A1F7D6 /* AddPostController.swift */ = {isa = PBXFileReference; lastKnownFileType = sourcecode.swift; path = AddPostController.swift; sourceTree = "<group>"; };
		E46FEF3C2793FF8100A1F7D6 /* AddPostInteractor.swift */ = {isa = PBXFileReference; lastKnownFileType = sourcecode.swift; path = AddPostInteractor.swift; sourceTree = "<group>"; };
		E49AB832278C241700B78BD8 /* Extensions.swift */ = {isa = PBXFileReference; lastKnownFileType = sourcecode.swift; path = Extensions.swift; sourceTree = "<group>"; };
		E4C48ED12784626A00CB63E2 /* AddPost.app */ = {isa = PBXFileReference; explicitFileType = wrapper.application; includeInIndex = 0; path = AddPost.app; sourceTree = BUILT_PRODUCTS_DIR; };
		E4C48ED42784626A00CB63E2 /* AppDelegate.swift */ = {isa = PBXFileReference; lastKnownFileType = sourcecode.swift; path = AppDelegate.swift; sourceTree = "<group>"; };
		E4C48ED62784626A00CB63E2 /* SceneDelegate.swift */ = {isa = PBXFileReference; lastKnownFileType = sourcecode.swift; path = SceneDelegate.swift; sourceTree = "<group>"; };
		E4C48EDD2784626A00CB63E2 /* Assets.xcassets */ = {isa = PBXFileReference; lastKnownFileType = folder.assetcatalog; path = Assets.xcassets; sourceTree = "<group>"; };
		E4C48EE02784626A00CB63E2 /* Base */ = {isa = PBXFileReference; lastKnownFileType = file.storyboard; name = Base; path = Base.lproj/LaunchScreen.storyboard; sourceTree = "<group>"; };
		E4C48EE22784626A00CB63E2 /* Info.plist */ = {isa = PBXFileReference; lastKnownFileType = text.plist.xml; path = Info.plist; sourceTree = "<group>"; };
		E4C48EEC278462EA00CB63E2 /* PostViewController.swift */ = {isa = PBXFileReference; lastKnownFileType = sourcecode.swift; path = PostViewController.swift; sourceTree = "<group>"; };
		E4C48EED278462EA00CB63E2 /* PostViewController.xib */ = {isa = PBXFileReference; lastKnownFileType = file.xib; path = PostViewController.xib; sourceTree = "<group>"; };
		E4C48EF0278462FA00CB63E2 /* AddPostViewController.swift */ = {isa = PBXFileReference; lastKnownFileType = sourcecode.swift; path = AddPostViewController.swift; sourceTree = "<group>"; };
		E4C48EF1278462FA00CB63E2 /* AddPostViewController.xib */ = {isa = PBXFileReference; lastKnownFileType = file.xib; path = AddPostViewController.xib; sourceTree = "<group>"; };
		E4C48EF42784689C00CB63E2 /* GoogleService-Info.plist */ = {isa = PBXFileReference; fileEncoding = 4; lastKnownFileType = text.plist.xml; path = "GoogleService-Info.plist"; sourceTree = "<group>"; };
		E4E61CC72785F03300C92260 /* FireStoreService.swift */ = {isa = PBXFileReference; lastKnownFileType = sourcecode.swift; path = FireStoreService.swift; sourceTree = "<group>"; };
		E4E61CC92785F04D00C92260 /* FireStorageService.swift */ = {isa = PBXFileReference; lastKnownFileType = sourcecode.swift; path = FireStorageService.swift; sourceTree = "<group>"; };
/* End PBXFileReference section */

/* Begin PBXFrameworksBuildPhase section */
		E4C48ECE2784626A00CB63E2 /* Frameworks */ = {
			isa = PBXFrameworksBuildPhase;
			buildActionMask = 2147483647;
			files = (
				5E1DCA03D3D10E253FF6743D /* Pods_AddPost.framework in Frameworks */,
			);
			runOnlyForDeploymentPostprocessing = 0;
		};
/* End PBXFrameworksBuildPhase section */

/* Begin PBXGroup section */
		64E87A07F74540E3BBD889B1 /* Pods */ = {
			isa = PBXGroup;
			children = (
				4B578686CAEF12E7A0EF3A8C /* Pods-AddPost.debug.xcconfig */,
				2BE8C6F1A24E2E8AC459C5C6 /* Pods-AddPost.release.xcconfig */,
			);
			path = Pods;
			sourceTree = "<group>";
		};
		723712B587539627CEE29CD5 /* Frameworks */ = {
			isa = PBXGroup;
			children = (
				9B2ABC0E982BA4AA358F72E4 /* Pods_AddPost.framework */,
			);
			name = Frameworks;
			sourceTree = "<group>";
		};
		E405D0EE278471D000AB423A /* Custom Views */ = {
			isa = PBXGroup;
			children = (
				E4E61CC32785C28300C92260 /* PostCell */,
			);
			path = "Custom Views";
			sourceTree = "<group>";
		};
		E405D0F32784760F00AB423A /* Models */ = {
			isa = PBXGroup;
			children = (
				E405D0F42784762B00AB423A /* PostModel.swift */,
			);
			path = Models;
			sourceTree = "<group>";
		};
		E46FEF362792D97B00A1F7D6 /* FirebaseFirestore */ = {
			isa = PBXGroup;
			children = (
				E4E61CC72785F03300C92260 /* FireStoreService.swift */,
				E46FEF322792BBFE00A1F7D6 /* FireStoreServiceImplementation.swift */,
			);
			path = FirebaseFirestore;
			sourceTree = "<group>";
		};
		E46FEF372792D99500A1F7D6 /* FirebaseStorage */ = {
			isa = PBXGroup;
			children = (
				E4E61CC92785F04D00C92260 /* FireStorageService.swift */,
				E46FEF382792D9DD00A1F7D6 /* StorageServiceImplementation.swift */,
			);
			path = FirebaseStorage;
			sourceTree = "<group>";
		};
		E49AB831278C240100B78BD8 /* Objects */ = {
			isa = PBXGroup;
			children = (
				E49AB832278C241700B78BD8 /* Extensions.swift */,
			);
			path = Objects;
			sourceTree = "<group>";
		};
		E4C48EC82784626A00CB63E2 = {
			isa = PBXGroup;
			children = (
				E4C48ED32784626A00CB63E2 /* AddPost */,
				E4C48ED22784626A00CB63E2 /* Products */,
				64E87A07F74540E3BBD889B1 /* Pods */,
				723712B587539627CEE29CD5 /* Frameworks */,
			);
			sourceTree = "<group>";
		};
		E4C48ED22784626A00CB63E2 /* Products */ = {
			isa = PBXGroup;
			children = (
				E4C48ED12784626A00CB63E2 /* AddPost.app */,
			);
			name = Products;
			sourceTree = "<group>";
		};
		E4C48ED32784626A00CB63E2 /* AddPost */ = {
			isa = PBXGroup;
			children = (
				E4C48EE9278462A100CB63E2 /* Screens */,
				E4C48EE82784628700CB63E2 /* Delegates */,
				E405D0EE278471D000AB423A /* Custom Views */,
				E405D0F32784760F00AB423A /* Models */,
				E4E61CC42785E33A00C92260 /* Services */,
				E4C48EDD2784626A00CB63E2 /* Assets.xcassets */,
				E4C48EDF2784626A00CB63E2 /* LaunchScreen.storyboard */,
				E4C48EE22784626A00CB63E2 /* Info.plist */,
				E4C48EF42784689C00CB63E2 /* GoogleService-Info.plist */,
				E49AB831278C240100B78BD8 /* Objects */,
			);
			path = AddPost;
			sourceTree = "<group>";
		};
		E4C48EE82784628700CB63E2 /* Delegates */ = {
			isa = PBXGroup;
			children = (
				E4C48ED42784626A00CB63E2 /* AppDelegate.swift */,
				E4C48ED62784626A00CB63E2 /* SceneDelegate.swift */,
			);
			path = Delegates;
			sourceTree = "<group>";
		};
		E4C48EE9278462A100CB63E2 /* Screens */ = {
			isa = PBXGroup;
			children = (
				E4C48EEA278462AC00CB63E2 /* Post */,
				E4C48EEB278462C500CB63E2 /* AddPostViewController */,
			);
			path = Screens;
			sourceTree = "<group>";
		};
		E4C48EEA278462AC00CB63E2 /* Post */ = {
			isa = PBXGroup;
			children = (
				E4C48EEC278462EA00CB63E2 /* PostViewController.swift */,
				E4C48EED278462EA00CB63E2 /* PostViewController.xib */,
				E46FEF2C2792B14700A1F7D6 /* PostDataSource.swift */,
				E46FEF2E2792B3C000A1F7D6 /* PostDataProvider.swift */,
				E46FEF2A2792ADC900A1F7D6 /* PostController.swift */,
				E46FEF342792C6DE00A1F7D6 /* PostInteractor.swift */,
			);
			path = Post;
			sourceTree = "<group>";
		};
		E4C48EEB278462C500CB63E2 /* AddPostViewController */ = {
			isa = PBXGroup;
			children = (
				E4C48EF0278462FA00CB63E2 /* AddPostViewController.swift */,
				E46FEF3A2792E06700A1F7D6 /* AddPostController.swift */,
				E4C48EF1278462FA00CB63E2 /* AddPostViewController.xib */,
				E46FEF3C2793FF8100A1F7D6 /* AddPostInteractor.swift */,
			);
			path = AddPostViewController;
			sourceTree = "<group>";
		};
		E4E61CC32785C28300C92260 /* PostCell */ = {
			isa = PBXGroup;
			children = (
				E405D0EF278471F800AB423A /* PostCell.swift */,
				E405D0F0278471F800AB423A /* PostCell.xib */,
			);
			path = PostCell;
			sourceTree = "<group>";
		};
		E4E61CC42785E33A00C92260 /* Services */ = {
			isa = PBXGroup;
			children = (
				E46FEF362792D97B00A1F7D6 /* FirebaseFirestore */,
				E46FEF372792D99500A1F7D6 /* FirebaseStorage */,
			);
			path = Services;
			sourceTree = "<group>";
		};
/* End PBXGroup section */

/* Begin PBXNativeTarget section */
		E4C48ED02784626A00CB63E2 /* AddPost */ = {
			isa = PBXNativeTarget;
			buildConfigurationList = E4C48EE52784626A00CB63E2 /* Build configuration list for PBXNativeTarget "AddPost" */;
			buildPhases = (
				880B90694BEA04B7859608A6 /* [CP] Check Pods Manifest.lock */,
				E4C48ECD2784626A00CB63E2 /* Sources */,
				E4C48ECE2784626A00CB63E2 /* Frameworks */,
				E4C48ECF2784626A00CB63E2 /* Resources */,
				404D4168EB42C06810EE910B /* [CP] Embed Pods Frameworks */,
			);
			buildRules = (
			);
			dependencies = (
			);
			name = AddPost;
			productName = AddPost;
			productReference = E4C48ED12784626A00CB63E2 /* AddPost.app */;
			productType = "com.apple.product-type.application";
		};
/* End PBXNativeTarget section */

/* Begin PBXProject section */
		E4C48EC92784626A00CB63E2 /* Project object */ = {
			isa = PBXProject;
			attributes = {
				BuildIndependentTargetsInParallel = 1;
				LastSwiftUpdateCheck = 1320;
				LastUpgradeCheck = 1320;
				TargetAttributes = {
					E4C48ED02784626A00CB63E2 = {
						CreatedOnToolsVersion = 13.2.1;
					};
				};
			};
			buildConfigurationList = E4C48ECC2784626A00CB63E2 /* Build configuration list for PBXProject "AddPost" */;
			compatibilityVersion = "Xcode 13.0";
			developmentRegion = en;
			hasScannedForEncodings = 0;
			knownRegions = (
				en,
				Base,
			);
			mainGroup = E4C48EC82784626A00CB63E2;
			productRefGroup = E4C48ED22784626A00CB63E2 /* Products */;
			projectDirPath = "";
			projectRoot = "";
			targets = (
				E4C48ED02784626A00CB63E2 /* AddPost */,
			);
		};
/* End PBXProject section */

/* Begin PBXResourcesBuildPhase section */
		E4C48ECF2784626A00CB63E2 /* Resources */ = {
			isa = PBXResourcesBuildPhase;
			buildActionMask = 2147483647;
			files = (
				E4C48EF3278462FA00CB63E2 /* AddPostViewController.xib in Resources */,
				E405D0F2278471F800AB423A /* PostCell.xib in Resources */,
				E4C48EE12784626A00CB63E2 /* LaunchScreen.storyboard in Resources */,
				E4C48EF52784689C00CB63E2 /* GoogleService-Info.plist in Resources */,
				E4C48EDE2784626A00CB63E2 /* Assets.xcassets in Resources */,
				E4C48EEF278462EA00CB63E2 /* PostViewController.xib in Resources */,
			);
			runOnlyForDeploymentPostprocessing = 0;
		};
/* End PBXResourcesBuildPhase section */

/* Begin PBXShellScriptBuildPhase section */
		404D4168EB42C06810EE910B /* [CP] Embed Pods Frameworks */ = {
			isa = PBXShellScriptBuildPhase;
			buildActionMask = 2147483647;
			files = (
			);
			inputFileListPaths = (
				"${PODS_ROOT}/Target Support Files/Pods-AddPost/Pods-AddPost-frameworks-${CONFIGURATION}-input-files.xcfilelist",
			);
			name = "[CP] Embed Pods Frameworks";
			outputFileListPaths = (
				"${PODS_ROOT}/Target Support Files/Pods-AddPost/Pods-AddPost-frameworks-${CONFIGURATION}-output-files.xcfilelist",
			);
			runOnlyForDeploymentPostprocessing = 0;
			shellPath = /bin/sh;
			shellScript = "\"${PODS_ROOT}/Target Support Files/Pods-AddPost/Pods-AddPost-frameworks.sh\"\n";
			showEnvVarsInLog = 0;
		};
		880B90694BEA04B7859608A6 /* [CP] Check Pods Manifest.lock */ = {
			isa = PBXShellScriptBuildPhase;
			buildActionMask = 2147483647;
			files = (
			);
			inputFileListPaths = (
			);
			inputPaths = (
				"${PODS_PODFILE_DIR_PATH}/Podfile.lock",
				"${PODS_ROOT}/Manifest.lock",
			);
			name = "[CP] Check Pods Manifest.lock";
			outputFileListPaths = (
			);
			outputPaths = (
				"$(DERIVED_FILE_DIR)/Pods-AddPost-checkManifestLockResult.txt",
			);
			runOnlyForDeploymentPostprocessing = 0;
			shellPath = /bin/sh;
			shellScript = "diff \"${PODS_PODFILE_DIR_PATH}/Podfile.lock\" \"${PODS_ROOT}/Manifest.lock\" > /dev/null\nif [ $? != 0 ] ; then\n    # print error to STDERR\n    echo \"error: The sandbox is not in sync with the Podfile.lock. Run 'pod install' or update your CocoaPods installation.\" >&2\n    exit 1\nfi\n# This output is used by Xcode 'outputs' to avoid re-running this script phase.\necho \"SUCCESS\" > \"${SCRIPT_OUTPUT_FILE_0}\"\n";
			showEnvVarsInLog = 0;
		};
/* End PBXShellScriptBuildPhase section */

/* Begin PBXSourcesBuildPhase section */
		E4C48ECD2784626A00CB63E2 /* Sources */ = {
			isa = PBXSourcesBuildPhase;
			buildActionMask = 2147483647;
			files = (
				E4C48EF2278462FA00CB63E2 /* AddPostViewController.swift in Sources */,
				E405D0F52784762B00AB423A /* PostModel.swift in Sources */,
				E4C48EEE278462EA00CB63E2 /* PostViewController.swift in Sources */,
				E4C48ED52784626A00CB63E2 /* AppDelegate.swift in Sources */,
				E46FEF2D2792B14700A1F7D6 /* PostDataSource.swift in Sources */,
				E46FEF3B2792E06700A1F7D6 /* AddPostController.swift in Sources */,
				E46FEF3D2793FF8100A1F7D6 /* AddPostInteractor.swift in Sources */,
				E4C48ED72784626A00CB63E2 /* SceneDelegate.swift in Sources */,
				E46FEF2B2792ADC900A1F7D6 /* PostController.swift in Sources */,
				E46FEF392792D9DD00A1F7D6 /* StorageServiceImplementation.swift in Sources */,
				E46FEF332792BBFE00A1F7D6 /* FireStoreServiceImplementation.swift in Sources */,
				E46FEF352792C6DE00A1F7D6 /* PostInteractor.swift in Sources */,
				E49AB833278C241700B78BD8 /* Extensions.swift in Sources */,
				E46FEF2F2792B3C000A1F7D6 /* PostDataProvider.swift in Sources */,
				E4E61CC82785F03300C92260 /* FireStoreService.swift in Sources */,
				E4E61CCA2785F04D00C92260 /* FireStorageService.swift in Sources */,
				E405D0F1278471F800AB423A /* PostCell.swift in Sources */,
			);
			runOnlyForDeploymentPostprocessing = 0;
		};
/* End PBXSourcesBuildPhase section */

/* Begin PBXVariantGroup section */
		E4C48EDF2784626A00CB63E2 /* LaunchScreen.storyboard */ = {
			isa = PBXVariantGroup;
			children = (
				E4C48EE02784626A00CB63E2 /* Base */,
			);
			name = LaunchScreen.storyboard;
			sourceTree = "<group>";
		};
/* End PBXVariantGroup section */

/* Begin XCBuildConfiguration section */
		E4C48EE32784626A00CB63E2 /* Debug */ = {
			isa = XCBuildConfiguration;
			buildSettings = {
				ALWAYS_SEARCH_USER_PATHS = NO;
				CLANG_ANALYZER_NONNULL = YES;
				CLANG_ANALYZER_NUMBER_OBJECT_CONVERSION = YES_AGGRESSIVE;
				CLANG_CXX_LANGUAGE_STANDARD = "gnu++17";
				CLANG_CXX_LIBRARY = "libc++";
				CLANG_ENABLE_MODULES = YES;
				CLANG_ENABLE_OBJC_ARC = YES;
				CLANG_ENABLE_OBJC_WEAK = YES;
				CLANG_WARN_BLOCK_CAPTURE_AUTORELEASING = YES;
				CLANG_WARN_BOOL_CONVERSION = YES;
				CLANG_WARN_COMMA = YES;
				CLANG_WARN_CONSTANT_CONVERSION = YES;
				CLANG_WARN_DEPRECATED_OBJC_IMPLEMENTATIONS = YES;
				CLANG_WARN_DIRECT_OBJC_ISA_USAGE = YES_ERROR;
				CLANG_WARN_DOCUMENTATION_COMMENTS = YES;
				CLANG_WARN_EMPTY_BODY = YES;
				CLANG_WARN_ENUM_CONVERSION = YES;
				CLANG_WARN_INFINITE_RECURSION = YES;
				CLANG_WARN_INT_CONVERSION = YES;
				CLANG_WARN_NON_LITERAL_NULL_CONVERSION = YES;
				CLANG_WARN_OBJC_IMPLICIT_RETAIN_SELF = YES;
				CLANG_WARN_OBJC_LITERAL_CONVERSION = YES;
				CLANG_WARN_OBJC_ROOT_CLASS = YES_ERROR;
				CLANG_WARN_QUOTED_INCLUDE_IN_FRAMEWORK_HEADER = YES;
				CLANG_WARN_RANGE_LOOP_ANALYSIS = YES;
				CLANG_WARN_STRICT_PROTOTYPES = YES;
				CLANG_WARN_SUSPICIOUS_MOVE = YES;
				CLANG_WARN_UNGUARDED_AVAILABILITY = YES_AGGRESSIVE;
				CLANG_WARN_UNREACHABLE_CODE = YES;
				CLANG_WARN__DUPLICATE_METHOD_MATCH = YES;
				COPY_PHASE_STRIP = NO;
				DEBUG_INFORMATION_FORMAT = dwarf;
				ENABLE_STRICT_OBJC_MSGSEND = YES;
				ENABLE_TESTABILITY = YES;
				GCC_C_LANGUAGE_STANDARD = gnu11;
				GCC_DYNAMIC_NO_PIC = NO;
				GCC_NO_COMMON_BLOCKS = YES;
				GCC_OPTIMIZATION_LEVEL = 0;
				GCC_PREPROCESSOR_DEFINITIONS = (
					"DEBUG=1",
					"$(inherited)",
				);
				GCC_WARN_64_TO_32_BIT_CONVERSION = YES;
				GCC_WARN_ABOUT_RETURN_TYPE = YES_ERROR;
				GCC_WARN_UNDECLARED_SELECTOR = YES;
				GCC_WARN_UNINITIALIZED_AUTOS = YES_AGGRESSIVE;
				GCC_WARN_UNUSED_FUNCTION = YES;
				GCC_WARN_UNUSED_VARIABLE = YES;
				IPHONEOS_DEPLOYMENT_TARGET = 15.2;
				MTL_ENABLE_DEBUG_INFO = INCLUDE_SOURCE;
				MTL_FAST_MATH = YES;
				ONLY_ACTIVE_ARCH = YES;
				SDKROOT = iphoneos;
				SWIFT_ACTIVE_COMPILATION_CONDITIONS = DEBUG;
				SWIFT_OPTIMIZATION_LEVEL = "-Onone";
			};
			name = Debug;
		};
		E4C48EE42784626A00CB63E2 /* Release */ = {
			isa = XCBuildConfiguration;
			buildSettings = {
				ALWAYS_SEARCH_USER_PATHS = NO;
				CLANG_ANALYZER_NONNULL = YES;
				CLANG_ANALYZER_NUMBER_OBJECT_CONVERSION = YES_AGGRESSIVE;
				CLANG_CXX_LANGUAGE_STANDARD = "gnu++17";
				CLANG_CXX_LIBRARY = "libc++";
				CLANG_ENABLE_MODULES = YES;
				CLANG_ENABLE_OBJC_ARC = YES;
				CLANG_ENABLE_OBJC_WEAK = YES;
				CLANG_WARN_BLOCK_CAPTURE_AUTORELEASING = YES;
				CLANG_WARN_BOOL_CONVERSION = YES;
				CLANG_WARN_COMMA = YES;
				CLANG_WARN_CONSTANT_CONVERSION = YES;
				CLANG_WARN_DEPRECATED_OBJC_IMPLEMENTATIONS = YES;
				CLANG_WARN_DIRECT_OBJC_ISA_USAGE = YES_ERROR;
				CLANG_WARN_DOCUMENTATION_COMMENTS = YES;
				CLANG_WARN_EMPTY_BODY = YES;
				CLANG_WARN_ENUM_CONVERSION = YES;
				CLANG_WARN_INFINITE_RECURSION = YES;
				CLANG_WARN_INT_CONVERSION = YES;
				CLANG_WARN_NON_LITERAL_NULL_CONVERSION = YES;
				CLANG_WARN_OBJC_IMPLICIT_RETAIN_SELF = YES;
				CLANG_WARN_OBJC_LITERAL_CONVERSION = YES;
				CLANG_WARN_OBJC_ROOT_CLASS = YES_ERROR;
				CLANG_WARN_QUOTED_INCLUDE_IN_FRAMEWORK_HEADER = YES;
				CLANG_WARN_RANGE_LOOP_ANALYSIS = YES;
				CLANG_WARN_STRICT_PROTOTYPES = YES;
				CLANG_WARN_SUSPICIOUS_MOVE = YES;
				CLANG_WARN_UNGUARDED_AVAILABILITY = YES_AGGRESSIVE;
				CLANG_WARN_UNREACHABLE_CODE = YES;
				CLANG_WARN__DUPLICATE_METHOD_MATCH = YES;
				COPY_PHASE_STRIP = NO;
				DEBUG_INFORMATION_FORMAT = "dwarf-with-dsym";
				ENABLE_NS_ASSERTIONS = NO;
				ENABLE_STRICT_OBJC_MSGSEND = YES;
				GCC_C_LANGUAGE_STANDARD = gnu11;
				GCC_NO_COMMON_BLOCKS = YES;
				GCC_WARN_64_TO_32_BIT_CONVERSION = YES;
				GCC_WARN_ABOUT_RETURN_TYPE = YES_ERROR;
				GCC_WARN_UNDECLARED_SELECTOR = YES;
				GCC_WARN_UNINITIALIZED_AUTOS = YES_AGGRESSIVE;
				GCC_WARN_UNUSED_FUNCTION = YES;
				GCC_WARN_UNUSED_VARIABLE = YES;
				IPHONEOS_DEPLOYMENT_TARGET = 15.2;
				MTL_ENABLE_DEBUG_INFO = NO;
				MTL_FAST_MATH = YES;
				SDKROOT = iphoneos;
				SWIFT_COMPILATION_MODE = wholemodule;
				SWIFT_OPTIMIZATION_LEVEL = "-O";
				VALIDATE_PRODUCT = YES;
			};
			name = Release;
		};
		E4C48EE62784626A00CB63E2 /* Debug */ = {
			isa = XCBuildConfiguration;
			baseConfigurationReference = 4B578686CAEF12E7A0EF3A8C /* Pods-AddPost.debug.xcconfig */;
			buildSettings = {
				ASSETCATALOG_COMPILER_APPICON_NAME = AppIcon;
				ASSETCATALOG_COMPILER_GLOBAL_ACCENT_COLOR_NAME = AccentColor;
				CODE_SIGN_STYLE = Automatic;
				CURRENT_PROJECT_VERSION = 1;
				DEVELOPMENT_TEAM = 2D43MDQ38V;
				GENERATE_INFOPLIST_FILE = YES;
				INFOPLIST_FILE = AddPost/Info.plist;
				INFOPLIST_KEY_CFBundleDisplayName = Refactored;
				INFOPLIST_KEY_NSPhotoLibraryUsageDescription = "Please allow access to upload photos";
				INFOPLIST_KEY_UIApplicationSupportsIndirectInputEvents = YES;
				INFOPLIST_KEY_UILaunchStoryboardName = LaunchScreen;
				INFOPLIST_KEY_UISupportedInterfaceOrientations_iPad = "UIInterfaceOrientationPortrait UIInterfaceOrientationPortraitUpsideDown UIInterfaceOrientationLandscapeLeft UIInterfaceOrientationLandscapeRight";
				INFOPLIST_KEY_UISupportedInterfaceOrientations_iPhone = "UIInterfaceOrientationPortrait UIInterfaceOrientationLandscapeLeft UIInterfaceOrientationLandscapeRight";
				IPHONEOS_DEPLOYMENT_TARGET = 14.7;
				LD_RUNPATH_SEARCH_PATHS = (
					"$(inherited)",
					"@executable_path/Frameworks",
				);
				MARKETING_VERSION = 1.0;
				PRODUCT_BUNDLE_IDENTIFIER = com.mycompany.AddPost;
				PRODUCT_NAME = "$(TARGET_NAME)";
				SWIFT_EMIT_LOC_STRINGS = YES;
				SWIFT_VERSION = 5.0;
				TARGETED_DEVICE_FAMILY = "1,2";
			};
			name = Debug;
		};
		E4C48EE72784626A00CB63E2 /* Release */ = {
			isa = XCBuildConfiguration;
			baseConfigurationReference = 2BE8C6F1A24E2E8AC459C5C6 /* Pods-AddPost.release.xcconfig */;
			buildSettings = {
				ASSETCATALOG_COMPILER_APPICON_NAME = AppIcon;
				ASSETCATALOG_COMPILER_GLOBAL_ACCENT_COLOR_NAME = AccentColor;
				CODE_SIGN_STYLE = Automatic;
				CURRENT_PROJECT_VERSION = 1;
				DEVELOPMENT_TEAM = 2D43MDQ38V;
				GENERATE_INFOPLIST_FILE = YES;
				INFOPLIST_FILE = AddPost/Info.plist;
				INFOPLIST_KEY_CFBundleDisplayName = Refactored;
				INFOPLIST_KEY_NSPhotoLibraryUsageDescription = "Please allow access to upload photos";
				INFOPLIST_KEY_UIApplicationSupportsIndirectInputEvents = YES;
				INFOPLIST_KEY_UILaunchStoryboardName = LaunchScreen;
				INFOPLIST_KEY_UISupportedInterfaceOrientations_iPad = "UIInterfaceOrientationPortrait UIInterfaceOrientationPortraitUpsideDown UIInterfaceOrientationLandscapeLeft UIInterfaceOrientationLandscapeRight";
				INFOPLIST_KEY_UISupportedInterfaceOrientations_iPhone = "UIInterfaceOrientationPortrait UIInterfaceOrientationLandscapeLeft UIInterfaceOrientationLandscapeRight";
				IPHONEOS_DEPLOYMENT_TARGET = 14.7;
				LD_RUNPATH_SEARCH_PATHS = (
					"$(inherited)",
					"@executable_path/Frameworks",
				);
				MARKETING_VERSION = 1.0;
				PRODUCT_BUNDLE_IDENTIFIER = com.mycompany.AddPost;
				PRODUCT_NAME = "$(TARGET_NAME)";
				SWIFT_EMIT_LOC_STRINGS = YES;
				SWIFT_VERSION = 5.0;
				TARGETED_DEVICE_FAMILY = "1,2";
			};
			name = Release;
		};
/* End XCBuildConfiguration section */

/* Begin XCConfigurationList section */
		E4C48ECC2784626A00CB63E2 /* Build configuration list for PBXProject "AddPost" */ = {
			isa = XCConfigurationList;
			buildConfigurations = (
				E4C48EE32784626A00CB63E2 /* Debug */,
				E4C48EE42784626A00CB63E2 /* Release */,
			);
			defaultConfigurationIsVisible = 0;
			defaultConfigurationName = Release;
		};
		E4C48EE52784626A00CB63E2 /* Build configuration list for PBXNativeTarget "AddPost" */ = {
			isa = XCConfigurationList;
			buildConfigurations = (
				E4C48EE62784626A00CB63E2 /* Debug */,
				E4C48EE72784626A00CB63E2 /* Release */,
			);
			defaultConfigurationIsVisible = 0;
			defaultConfigurationName = Release;
		};
/* End XCConfigurationList section */
	};
	rootObject = E4C48EC92784626A00CB63E2 /* Project object */;
}
